
Microsoft Visual Studio Solution File, Format Version 12.00
# Visual Studio Version 16
VisualStudioVersion = 16.0.31112.23
MinimumVisualStudioVersion = 10.0.40219.1
Project("{FAE04EC0-301F-11D3-BF4B-00C04F79EFBC}") = "kpsWindow", "kpsWindow\kpsWindow.csproj", "{FCC42E49-BECA-4851-BF3D-35262113A621}"
EndProject
Global
	GlobalSection(SolutionConfigurationPlatforms) = preSolution
		Debug|Any CPU = Debug|Any CPU
		Debug|x64 = Debug|x64
		output|Any CPU = output|Any CPU
		output|x64 = output|x64
		Release|Any CPU = Release|Any CPU
		Release|x64 = Release|x64
	EndGlobalSection
	GlobalSection(ProjectConfigurationPlatforms) = postSolution
		{FCC42E49-BECA-4851-BF3D-35262113A621}.Debug|Any CPU.ActiveCfg = Debug|Any CPU
		{FCC42E49-BECA-4851-BF3D-35262113A621}.Debug|Any CPU.Build.0 = Debug|Any CPU
		{FCC42E49-BECA-4851-BF3D-35262113A621}.Debug|x64.ActiveCfg = Debug|x64
		{FCC42E49-BECA-4851-BF3D-35262113A621}.output|Any CPU.ActiveCfg = output|Any CPU
		{FCC42E49-BECA-4851-BF3D-35262113A621}.output|x64.ActiveCfg = output|x64
		{FCC42E49-BECA-4851-BF3D-35262113A621}.Release|Any CPU.ActiveCfg = Release|Any CPU
		{FCC42E49-BECA-4851-BF3D-35262113A621}.Release|x64.ActiveCfg = Release|x64
	EndGlobalSection
	GlobalSection(SolutionProperties) = preSolution
		HideSolutionNode = FALSE
	EndGlobalSection
	GlobalSection(ExtensibilityGlobals) = postSolution
		SolutionGuid = {42563D72-2F6F-4102-8474-46D34418D0CF}
	EndGlobalSection
EndGlobal
